# THIS IS AN AUTOGENERATED FILE. DO NOT EDIT THIS FILE DIRECTLY.
# yarn lockfile v1


activestorage@>=5.2.0:
  version "5.2.2"
  resolved "https://registry.yarnpkg.com/activestorage/-/activestorage-5.2.2.tgz#035c03f247467c13cd659584833502433099f8f4"
  dependencies:
    spark-md5 "^3.0.0"

spark-md5@^3.0.0:
  version "3.0.0"
  resolved "https://registry.yarnpkg.com/spark-md5/-/spark-md5-3.0.0.tgz#3722227c54e2faf24b1dc6d933cc144e6f71bfef"

"trix@https://github.com/thanks2music/trix/#ideographic_space":
  version "1.0.0"
  resolved "https://github.com/thanks2music/trix/#bdda2b83e617a85106d2652c026fc938b59a6776"
